
Microsoft Visual Studio Solution File, Format Version 12.00
# Visual Studio Version 17
VisualStudioVersion = 17.0.31903.59
MinimumVisualStudioVersion = 10.0.40219.1
Project("{2150E333-8FDC-42A3-9474-1A3956D46DE8}") = "src", "src", "{46FC463A-F0DD-460E-B273-2C159CAF888E}"
EndProject
Project("{FAE04EC0-301F-11D3-BF4B-00C04F79EFBC}") = "study.rest", "src\study.rest\study.rest.csproj", "{4542380E-A3B5-43FB-81B3-96C24396AC98}"
EndProject
Project("{FAE04EC0-301F-11D3-BF4B-00C04F79EFBC}") = "study.ui", "src\study.ui\study.ui.csproj", "{F379633E-7C72-4D0E-B08F-92022D49A24A}"
EndProject
Project("{FAE04EC0-301F-11D3-BF4B-00C04F79EFBC}") = "study.build", "src\study.build\study.build.csproj", "{27BCADBF-DAB6-4596-B083-6DCC5B6D13C5}"
EndProject
Global
	GlobalSection(SolutionConfigurationPlatforms) = preSolution
		Debug|Any CPU = Debug|Any CPU
		Release|Any CPU = Release|Any CPU
	EndGlobalSection
	GlobalSection(SolutionProperties) = preSolution
		HideSolutionNode = FALSE
	EndGlobalSection
	GlobalSection(ProjectConfigurationPlatforms) = postSolution
		{4542380E-A3B5-43FB-81B3-96C24396AC98}.Debug|Any CPU.ActiveCfg = Debug|Any CPU
		{4542380E-A3B5-43FB-81B3-96C24396AC98}.Debug|Any CPU.Build.0 = Debug|Any CPU
		{4542380E-A3B5-43FB-81B3-96C24396AC98}.Release|Any CPU.ActiveCfg = Release|Any CPU
		{4542380E-A3B5-43FB-81B3-96C24396AC98}.Release|Any CPU.Build.0 = Release|Any CPU
		{F379633E-7C72-4D0E-B08F-92022D49A24A}.Debug|Any CPU.ActiveCfg = Debug|Any CPU
		{F379633E-7C72-4D0E-B08F-92022D49A24A}.Debug|Any CPU.Build.0 = Debug|Any CPU
		{F379633E-7C72-4D0E-B08F-92022D49A24A}.Release|Any CPU.ActiveCfg = Release|Any CPU
		{F379633E-7C72-4D0E-B08F-92022D49A24A}.Release|Any CPU.Build.0 = Release|Any CPU
		{27BCADBF-DAB6-4596-B083-6DCC5B6D13C5}.Debug|Any CPU.ActiveCfg = Debug|Any CPU
		{27BCADBF-DAB6-4596-B083-6DCC5B6D13C5}.Debug|Any CPU.Build.0 = Debug|Any CPU
		{27BCADBF-DAB6-4596-B083-6DCC5B6D13C5}.Release|Any CPU.ActiveCfg = Release|Any CPU
		{27BCADBF-DAB6-4596-B083-6DCC5B6D13C5}.Release|Any CPU.Build.0 = Release|Any CPU
	EndGlobalSection
	GlobalSection(NestedProjects) = preSolution
		{4542380E-A3B5-43FB-81B3-96C24396AC98} = {46FC463A-F0DD-460E-B273-2C159CAF888E}
		{F379633E-7C72-4D0E-B08F-92022D49A24A} = {46FC463A-F0DD-460E-B273-2C159CAF888E}
		{27BCADBF-DAB6-4596-B083-6DCC5B6D13C5} = {46FC463A-F0DD-460E-B273-2C159CAF888E}
	EndGlobalSection
EndGlobal
